// !$*UTF8*$!
{
	archiveVersion = 1;
	classes = {
	};
	objectVersion = 46;
	objects = {

/* Begin PBXBuildFile section */
		E35850AE1E5FE142005EADE4 /* AppDelegate.swift in Sources */ = {isa = PBXBuildFile; fileRef = E35850AD1E5FE142005EADE4 /* AppDelegate.swift */; };
		E35850B01E5FE142005EADE4 /* ViewController.swift in Sources */ = {isa = PBXBuildFile; fileRef = E35850AF1E5FE142005EADE4 /* ViewController.swift */; };
		E35850B31E5FE142005EADE4 /* Main.storyboard in Resources */ = {isa = PBXBuildFile; fileRef = E35850B11E5FE142005EADE4 /* Main.storyboard */; };
		E35850B51E5FE142005EADE4 /* Assets.xcassets in Resources */ = {isa = PBXBuildFile; fileRef = E35850B41E5FE142005EADE4 /* Assets.xcassets */; };
		E35850B81E5FE142005EADE4 /* LaunchScreen.storyboard in Resources */ = {isa = PBXBuildFile; fileRef = E35850B61E5FE142005EADE4 /* LaunchScreen.storyboard */; };
		E35850C31E5FE142005EADE4 /* JKJavascriptToiOSDemoTests.swift in Sources */ = {isa = PBXBuildFile; fileRef = E35850C21E5FE142005EADE4 /* JKJavascriptToiOSDemoTests.swift */; };
		E35850CF1E5FE30B005EADE4 /* sampleHTMLCode.html in Resources */ = {isa = PBXBuildFile; fileRef = E35850CE1E5FE30B005EADE4 /* sampleHTMLCode.html */; };
/* End PBXBuildFile section */

/* Begin PBXContainerItemProxy section */
		E35850BF1E5FE142005EADE4 /* PBXContainerItemProxy */ = {
			isa = PBXContainerItemProxy;
			containerPortal = E35850A21E5FE142005EADE4 /* Project object */;
			proxyType = 1;
			remoteGlobalIDString = E35850A91E5FE142005EADE4;
			remoteInfo = JKJavascriptToiOSDemo;
		};
/* End PBXContainerItemProxy section */

/* Begin PBXFileReference section */
		E35850AA1E5FE142005EADE4 /* JKJavascriptToiOSDemo.app */ = {isa = PBXFileReference; explicitFileType = wrapper.application; includeInIndex = 0; path = JKJavascriptToiOSDemo.app; sourceTree = BUILT_PRODUCTS_DIR; };
		E35850AD1E5FE142005EADE4 /* AppDelegate.swift */ = {isa = PBXFileReference; lastKnownFileType = sourcecode.swift; path = AppDelegate.swift; sourceTree = "<group>"; };
		E35850AF1E5FE142005EADE4 /* ViewController.swift */ = {isa = PBXFileReference; lastKnownFileType = sourcecode.swift; path = ViewController.swift; sourceTree = "<group>"; };
		E35850B21E5FE142005EADE4 /* Base */ = {isa = PBXFileReference; lastKnownFileType = file.storyboard; name = Base; path = Base.lproj/Main.storyboard; sourceTree = "<group>"; };
		E35850B41E5FE142005EADE4 /* Assets.xcassets */ = {isa = PBXFileReference; lastKnownFileType = folder.assetcatalog; path = Assets.xcassets; sourceTree = "<group>"; };
		E35850B71E5FE142005EADE4 /* Base */ = {isa = PBXFileReference; lastKnownFileType = file.storyboard; name = Base; path = Base.lproj/LaunchScreen.storyboard; sourceTree = "<group>"; };
		E35850B91E5FE142005EADE4 /* Info.plist */ = {isa = PBXFileReference; lastKnownFileType = text.plist.xml; path = Info.plist; sourceTree = "<group>"; };
		E35850BE1E5FE142005EADE4 /* JKJavascriptToiOSDemoTests.xctest */ = {isa = PBXFileReference; explicitFileType = wrapper.cfbundle; includeInIndex = 0; path = JKJavascriptToiOSDemoTests.xctest; sourceTree = BUILT_PRODUCTS_DIR; };
		E35850C21E5FE142005EADE4 /* JKJavascriptToiOSDemoTests.swift */ = {isa = PBXFileReference; lastKnownFileType = sourcecode.swift; path = JKJavascriptToiOSDemoTests.swift; sourceTree = "<group>"; };
		E35850C41E5FE142005EADE4 /* Info.plist */ = {isa = PBXFileReference; lastKnownFileType = text.plist.xml; path = Info.plist; sourceTree = "<group>"; };
		E35850CE1E5FE30B005EADE4 /* sampleHTMLCode.html */ = {isa = PBXFileReference; fileEncoding = 4; lastKnownFileType = text.html; path = sampleHTMLCode.html; sourceTree = "<group>"; };
/* End PBXFileReference section */

/* Begin PBXFrameworksBuildPhase section */
		E35850A71E5FE142005EADE4 /* Frameworks */ = {
			isa = PBXFrameworksBuildPhase;
			buildActionMask = 2147483647;
			files = (
			);
			runOnlyForDeploymentPostprocessing = 0;
		};
		E35850BB1E5FE142005EADE4 /* Frameworks */ = {
			isa = PBXFrameworksBuildPhase;
			buildActionMask = 2147483647;
			files = (
			);
			runOnlyForDeploymentPostprocessing = 0;
		};
/* End PBXFrameworksBuildPhase section */

/* Begin PBXGroup section */
		E35850A11E5FE142005EADE4 = {
			isa = PBXGroup;
			children = (
				E35850AC1E5FE142005EADE4 /* JKJavascriptToiOSDemo */,
				E35850C11E5FE142005EADE4 /* JKJavascriptToiOSDemoTests */,
				E35850AB1E5FE142005EADE4 /* Products */,
			);
			sourceTree = "<group>";
		};
		E35850AB1E5FE142005EADE4 /* Products */ = {
			isa = PBXGroup;
			children = (
				E35850AA1E5FE142005EADE4 /* JKJavascriptToiOSDemo.app */,
				E35850BE1E5FE142005EADE4 /* JKJavascriptToiOSDemoTests.xctest */,
			);
			name = Products;
			sourceTree = "<group>";
		};
		E35850AC1E5FE142005EADE4 /* JKJavascriptToiOSDemo */ = {
			isa = PBXGroup;
			children = (
				E35850CD1E5FE2F8005EADE4 /* HTML */,
				E35850AD1E5FE142005EADE4 /* AppDelegate.swift */,
				E35850AF1E5FE142005EADE4 /* ViewController.swift */,
				E35850B11E5FE142005EADE4 /* Main.storyboard */,
				E35850B41E5FE142005EADE4 /* Assets.xcassets */,
				E35850B61E5FE142005EADE4 /* LaunchScreen.storyboard */,
				E35850B91E5FE142005EADE4 /* Info.plist */,
			);
			path = JKJavascriptToiOSDemo;
			sourceTree = "<group>";
		};
		E35850C11E5FE142005EADE4 /* JKJavascriptToiOSDemoTests */ = {
			isa = PBXGroup;
			children = (
				E35850C21E5FE142005EADE4 /* JKJavascriptToiOSDemoTests.swift */,
				E35850C41E5FE142005EADE4 /* Info.plist */,
			);
			path = JKJavascriptToiOSDemoTests;
			sourceTree = "<group>";
		};
		E35850CD1E5FE2F8005EADE4 /* HTML */ = {
			isa = PBXGroup;
			children = (
				E35850CE1E5FE30B005EADE4 /* sampleHTMLCode.html */,
			);
			name = HTML;
			sourceTree = "<group>";
		};
/* End PBXGroup section */

/* Begin PBXNativeTarget section */
		E35850A91E5FE142005EADE4 /* JKJavascriptToiOSDemo */ = {
			isa = PBXNativeTarget;
			buildConfigurationList = E35850C71E5FE142005EADE4 /* Build configuration list for PBXNativeTarget "JKJavascriptToiOSDemo" */;
			buildPhases = (
				E35850A61E5FE142005EADE4 /* Sources */,
				E35850A71E5FE142005EADE4 /* Frameworks */,
				E35850A81E5FE142005EADE4 /* Resources */,
			);
			buildRules = (
			);
			dependencies = (
			);
			name = JKJavascriptToiOSDemo;
			productName = JKJavascriptToiOSDemo;
			productReference = E35850AA1E5FE142005EADE4 /* JKJavascriptToiOSDemo.app */;
			productType = "com.apple.product-type.application";
		};
		E35850BD1E5FE142005EADE4 /* JKJavascriptToiOSDemoTests */ = {
			isa = PBXNativeTarget;
			buildConfigurationList = E35850CA1E5FE142005EADE4 /* Build configuration list for PBXNativeTarget "JKJavascriptToiOSDemoTests" */;
			buildPhases = (
				E35850BA1E5FE142005EADE4 /* Sources */,
				E35850BB1E5FE142005EADE4 /* Frameworks */,
				E35850BC1E5FE142005EADE4 /* Resources */,
			);
			buildRules = (
			);
			dependencies = (
				E35850C01E5FE142005EADE4 /* PBXTargetDependency */,
			);
			name = JKJavascriptToiOSDemoTests;
			productName = JKJavascriptToiOSDemoTests;
			productReference = E35850BE1E5FE142005EADE4 /* JKJavascriptToiOSDemoTests.xctest */;
			productType = "com.apple.product-type.bundle.unit-test";
		};
/* End PBXNativeTarget section */

/* Begin PBXProject section */
		E35850A21E5FE142005EADE4 /* Project object */ = {
			isa = PBXProject;
			attributes = {
				LastSwiftUpdateCheck = 0820;
				LastUpgradeCheck = 0820;
				ORGANIZATIONNAME = "Jayesh Kawli";
				TargetAttributes = {
					E35850A91E5FE142005EADE4 = {
						CreatedOnToolsVersion = 8.2.1;
						ProvisioningStyle = Automatic;
					};
					E35850BD1E5FE142005EADE4 = {
						CreatedOnToolsVersion = 8.2.1;
						ProvisioningStyle = Automatic;
						TestTargetID = E35850A91E5FE142005EADE4;
					};
				};
			};
			buildConfigurationList = E35850A51E5FE142005EADE4 /* Build configuration list for PBXProject "JKJavascriptToiOSDemo" */;
			compatibilityVersion = "Xcode 3.2";
			developmentRegion = English;
			hasScannedForEncodings = 0;
			knownRegions = (
				en,
				Base,
			);
			mainGroup = E35850A11E5FE142005EADE4;
			productRefGroup = E35850AB1E5FE142005EADE4 /* Products */;
			projectDirPath = "";
			projectRoot = "";
			targets = (
				E35850A91E5FE142005EADE4 /* JKJavascriptToiOSDemo */,
				E35850BD1E5FE142005EADE4 /* JKJavascriptToiOSDemoTests */,
			);
		};
/* End PBXProject section */

/* Begin PBXResourcesBuildPhase section */
		E35850A81E5FE142005EADE4 /* Resources */ = {
			isa = PBXResourcesBuildPhase;
			buildActionMask = 2147483647;
			files = (
				E35850CF1E5FE30B005EADE4 /* sampleHTMLCode.html in Resources */,
				E35850B81E5FE142005EADE4 /* LaunchScreen.storyboard in Resources */,
				E35850B51E5FE142005EADE4 /* Assets.xcassets in Resources */,
				E35850B31E5FE142005EADE4 /* Main.storyboard in Resources */,
			);
			runOnlyForDeploymentPostprocessing = 0;
		};
		E35850BC1E5FE142005EADE4 /* Resources */ = {
			isa = PBXResourcesBuildPhase;
			buildActionMask = 2147483647;
			files = (
			);
			runOnlyForDeploymentPostprocessing = 0;
		};
/* End PBXResourcesBuildPhase section */

/* Begin PBXSourcesBuildPhase section */
		E35850A61E5FE142005EADE4 /* Sources */ = {
			isa = PBXSourcesBuildPhase;
			buildActionMask = 2147483647;
			files = (
				E35850B01E5FE142005EADE4 /* ViewController.swift in Sources */,
				E35850AE1E5FE142005EADE4 /* AppDelegate.swift in Sources */,
			);
			runOnlyForDeploymentPostprocessing = 0;
		};
		E35850BA1E5FE142005EADE4 /* Sources */ = {
			isa = PBXSourcesBuildPhase;
			buildActionMask = 2147483647;
			files = (
				E35850C31E5FE142005EADE4 /* JKJavascriptToiOSDemoTests.swift in Sources */,
			);
			runOnlyForDeploymentPostprocessing = 0;
		};
/* End PBXSourcesBuildPhase section */

/* Begin PBXTargetDependency section */
		E35850C01E5FE142005EADE4 /* PBXTargetDependency */ = {
			isa = PBXTargetDependency;
			target = E35850A91E5FE142005EADE4 /* JKJavascriptToiOSDemo */;
			targetProxy = E35850BF1E5FE142005EADE4 /* PBXContainerItemProxy */;
		};
/* End PBXTargetDependency section */

/* Begin PBXVariantGroup section */
		E35850B11E5FE142005EADE4 /* Main.storyboard */ = {
			isa = PBXVariantGroup;
			children = (
				E35850B21E5FE142005EADE4 /* Base */,
			);
			name = Main.storyboard;
			sourceTree = "<group>";
		};
		E35850B61E5FE142005EADE4 /* LaunchScreen.storyboard */ = {
			isa = PBXVariantGroup;
			children = (
				E35850B71E5FE142005EADE4 /* Base */,
			);
			name = LaunchScreen.storyboard;
			sourceTree = "<group>";
		};
/* End PBXVariantGroup section */

/* Begin XCBuildConfiguration section */
		E35850C51E5FE142005EADE4 /* Debug */ = {
			isa = XCBuildConfiguration;
			buildSettings = {
				ALWAYS_SEARCH_USER_PATHS = NO;
				CLANG_ANALYZER_NONNULL = YES;
				CLANG_CXX_LANGUAGE_STANDARD = "gnu++0x";
				CLANG_CXX_LIBRARY = "libc++";
				CLANG_ENABLE_MODULES = YES;
				CLANG_ENABLE_OBJC_ARC = YES;
				CLANG_WARN_BOOL_CONVERSION = YES;
				CLANG_WARN_CONSTANT_CONVERSION = YES;
				CLANG_WARN_DIRECT_OBJC_ISA_USAGE = YES_ERROR;
				CLANG_WARN_DOCUMENTATION_COMMENTS = YES;
				CLANG_WARN_EMPTY_BODY = YES;
				CLANG_WARN_ENUM_CONVERSION = YES;
				CLANG_WARN_INFINITE_RECURSION = YES;
				CLANG_WARN_INT_CONVERSION = YES;
				CLANG_WARN_OBJC_ROOT_CLASS = YES_ERROR;
				CLANG_WARN_SUSPICIOUS_MOVE = YES;
				CLANG_WARN_UNREACHABLE_CODE = YES;
				CLANG_WARN__DUPLICATE_METHOD_MATCH = YES;
				"CODE_SIGN_IDENTITY[sdk=iphoneos*]" = "iPhone Developer";
				COPY_PHASE_STRIP = NO;
				DEBUG_INFORMATION_FORMAT = dwarf;
				ENABLE_STRICT_OBJC_MSGSEND = YES;
				ENABLE_TESTABILITY = YES;
				GCC_C_LANGUAGE_STANDARD = gnu99;
				GCC_DYNAMIC_NO_PIC = NO;
				GCC_NO_COMMON_BLOCKS = YES;
				GCC_OPTIMIZATION_LEVEL = 0;
				GCC_PREPROCESSOR_DEFINITIONS = (
					"DEBUG=1",
					"$(inherited)",
				);
				GCC_WARN_64_TO_32_BIT_CONVERSION = YES;
				GCC_WARN_ABOUT_RETURN_TYPE = YES_ERROR;
				GCC_WARN_UNDECLARED_SELECTOR = YES;
				GCC_WARN_UNINITIALIZED_AUTOS = YES_AGGRESSIVE;
				GCC_WARN_UNUSED_FUNCTION = YES;
				GCC_WARN_UNUSED_VARIABLE = YES;
				IPHONEOS_DEPLOYMENT_TARGET = 10.2;
				MTL_ENABLE_DEBUG_INFO = YES;
				ONLY_ACTIVE_ARCH = YES;
				SDKROOT = iphoneos;
				SWIFT_ACTIVE_COMPILATION_CONDITIONS = DEBUG;
				SWIFT_OPTIMIZATION_LEVEL = "-Onone";
				TARGETED_DEVICE_FAMILY = "1,2";
			};
			name = Debug;
		};
		E35850C61E5FE142005EADE4 /* Release */ = {
			isa = XCBuildConfiguration;
			buildSettings = {
				ALWAYS_SEARCH_USER_PATHS = NO;
				CLANG_ANALYZER_NONNULL = YES;
				CLANG_CXX_LANGUAGE_STANDARD = "gnu++0x";
				CLANG_CXX_LIBRARY = "libc++";
				CLANG_ENABLE_MODULES = YES;
				CLANG_ENABLE_OBJC_ARC = YES;
				CLANG_WARN_BOOL_CONVERSION = YES;
				CLANG_WARN_CONSTANT_CONVERSION = YES;
				CLANG_WARN_DIRECT_OBJC_ISA_USAGE = YES_ERROR;
				CLANG_WARN_DOCUMENTATION_COMMENTS = YES;
				CLANG_WARN_EMPTY_BODY = YES;
				CLANG_WARN_ENUM_CONVERSION = YES;
				CLANG_WARN_INFINITE_RECURSION = YES;
				CLANG_WARN_INT_CONVERSION = YES;
				CLANG_WARN_OBJC_ROOT_CLASS = YES_ERROR;
				CLANG_WARN_SUSPICIOUS_MOVE = YES;
				CLANG_WARN_UNREACHABLE_CODE = YES;
				CLANG_WARN__DUPLICATE_METHOD_MATCH = YES;
				"CODE_SIGN_IDENTITY[sdk=iphoneos*]" = "iPhone Developer";
				COPY_PHASE_STRIP = NO;
				DEBUG_INFORMATION_FORMAT = "dwarf-with-dsym";
				ENABLE_NS_ASSERTIONS = NO;
				ENABLE_STRICT_OBJC_MSGSEND = YES;
				GCC_C_LANGUAGE_STANDARD = gnu99;
				GCC_NO_COMMON_BLOCKS = YES;
				GCC_WARN_64_TO_32_BIT_CONVERSION = YES;
				GCC_WARN_ABOUT_RETURN_TYPE = YES_ERROR;
				GCC_WARN_UNDECLARED_SELECTOR = YES;
				GCC_WARN_UNINITIALIZED_AUTOS = YES_AGGRESSIVE;
				GCC_WARN_UNUSED_FUNCTION = YES;
				GCC_WARN_UNUSED_VARIABLE = YES;
				IPHONEOS_DEPLOYMENT_TARGET = 10.2;
				MTL_ENABLE_DEBUG_INFO = NO;
				SDKROOT = iphoneos;
				SWIFT_OPTIMIZATION_LEVEL = "-Owholemodule";
				TARGETED_DEVICE_FAMILY = "1,2";
				VALIDATE_PRODUCT = YES;
			};
			name = Release;
		};
		E35850C81E5FE142005EADE4 /* Debug */ = {
			isa = XCBuildConfiguration;
			buildSettings = {
				ASSETCATALOG_COMPILER_APPICON_NAME = AppIcon;
				INFOPLIST_FILE = JKJavascriptToiOSDemo/Info.plist;
				LD_RUNPATH_SEARCH_PATHS = "$(inherited) @executable_path/Frameworks";
				PRODUCT_BUNDLE_IDENTIFIER = wayfair.org.JKJavascriptToiOSDemo;
				PRODUCT_NAME = "$(TARGET_NAME)";
				SWIFT_VERSION = 3.0;
			};
			name = Debug;
		};
		E35850C91E5FE142005EADE4 /* Release */ = {
			isa = XCBuildConfiguration;
			buildSettings = {
				ASSETCATALOG_COMPILER_APPICON_NAME = AppIcon;
				INFOPLIST_FILE = JKJavascriptToiOSDemo/Info.plist;
				LD_RUNPATH_SEARCH_PATHS = "$(inherited) @executable_path/Frameworks";
				PRODUCT_BUNDLE_IDENTIFIER = wayfair.org.JKJavascriptToiOSDemo;
				PRODUCT_NAME = "$(TARGET_NAME)";
				SWIFT_VERSION = 3.0;
			};
			name = Release;
		};
		E35850CB1E5FE142005EADE4 /* Debug */ = {
			isa = XCBuildConfiguration;
			buildSettings = {
				ALWAYS_EMBED_SWIFT_STANDARD_LIBRARIES = YES;
				BUNDLE_LOADER = "$(TEST_HOST)";
				INFOPLIST_FILE = JKJavascriptToiOSDemoTests/Info.plist;
				LD_RUNPATH_SEARCH_PATHS = "$(inherited) @executable_path/Frameworks @loader_path/Frameworks";
				PRODUCT_BUNDLE_IDENTIFIER = wayfair.org.JKJavascriptToiOSDemoTests;
				PRODUCT_NAME = "$(TARGET_NAME)";
				SWIFT_VERSION = 3.0;
				TEST_HOST = "$(BUILT_PRODUCTS_DIR)/JKJavascriptToiOSDemo.app/JKJavascriptToiOSDemo";
			};
			name = Debug;
		};
		E35850CC1E5FE142005EADE4 /* Release */ = {
			isa = XCBuildConfiguration;
			buildSettings = {
				ALWAYS_EMBED_SWIFT_STANDARD_LIBRARIES = YES;
				BUNDLE_LOADER = "$(TEST_HOST)";
				INFOPLIST_FILE = JKJavascriptToiOSDemoTests/Info.plist;
				LD_RUNPATH_SEARCH_PATHS = "$(inherited) @executable_path/Frameworks @loader_path/Frameworks";
				PRODUCT_BUNDLE_IDENTIFIER = wayfair.org.JKJavascriptToiOSDemoTests;
				PRODUCT_NAME = "$(TARGET_NAME)";
				SWIFT_VERSION = 3.0;
				TEST_HOST = "$(BUILT_PRODUCTS_DIR)/JKJavascriptToiOSDemo.app/JKJavascriptToiOSDemo";
			};
			name = Release;
		};
/* End XCBuildConfiguration section */

/* Begin XCConfigurationList section */
		E35850A51E5FE142005EADE4 /* Build configuration list for PBXProject "JKJavascriptToiOSDemo" */ = {
			isa = XCConfigurationList;
			buildConfigurations = (
				E35850C51E5FE142005EADE4 /* Debug */,
				E35850C61E5FE142005EADE4 /* Release */,
			);
			defaultConfigurationIsVisible = 0;
			defaultConfigurationName = Release;
		};
		E35850C71E5FE142005EADE4 /* Build configuration list for PBXNativeTarget "JKJavascriptToiOSDemo" */ = {
			isa = XCConfigurationList;
			buildConfigurations = (
				E35850C81E5FE142005EADE4 /* Debug */,
				E35850C91E5FE142005EADE4 /* Release */,
			);
			defaultConfigurationIsVisible = 0;
		};
		E35850CA1E5FE142005EADE4 /* Build configuration list for PBXNativeTarget "JKJavascriptToiOSDemoTests" */ = {
			isa = XCConfigurationList;
			buildConfigurations = (
				E35850CB1E5FE142005EADE4 /* Debug */,
				E35850CC1E5FE142005EADE4 /* Release */,
			);
			defaultConfigurationIsVisible = 0;
		};
/* End XCConfigurationList section */
	};
	rootObject = E35850A21E5FE142005EADE4 /* Project object */;
}
